{
    "version": 3,
    "terraform_version": "0.11.13",
    "serial": 4,
    "lineage": "2cd030e7-89f8-7895-9dbb-e3de28710817",
    "modules": [
        {
            "path": [
                "root"
            ],
            "outputs": {
                "url": {
                    "sensitive": false,
                    "type": "string",
                    "value": "flask-app-320851145.eu-central-1.elb.amazonaws.com"
                }
            },
            "resources": {},
            "depends_on": []
        },
        {
            "path": [
                "root",
                "ecs"
            ],
            "outputs": {
                "flask_url": {
                    "sensitive": false,
                    "type": "string",
                    "value": "flask-app-320851145.eu-central-1.elb.amazonaws.com"
                }
            },
            "resources": {
                "aws_autoscaling_group.ecs_asg": {
                    "type": "aws_autoscaling_group",
                    "depends_on": [
                        "aws_launch_configuration.ecs_lc"
                    ],
                    "primary": {
                        "id": "tf-asg-20191202191750242100000002",
                        "attributes": {
                            "arn": "arn:aws:autoscaling:eu-central-1:037176086346:autoScalingGroup:5fa9a7a8-67b5-4b05-8c76-990054a12bb0:autoScalingGroupName/tf-asg-20191202191750242100000002",
                            "availability_zones.#": "2",
                            "availability_zones.1126047633": "eu-central-1a",
                            "availability_zones.3658960427": "eu-central-1b",
                            "default_cooldown": "60",
                            "desired_capacity": "1",
                            "enabled_metrics.#": "0",
                            "force_delete": "true",
                            "health_check_grace_period": "300",
                            "health_check_type": "EC2",
                            "id": "tf-asg-20191202191750242100000002",
                            "launch_configuration": "terraform-20191202191749969800000001",
                            "launch_template.#": "0",
                            "load_balancers.#": "0",
                            "max_size": "1",
                            "metrics_granularity": "1Minute",
                            "min_size": "1",
                            "mixed_instances_policy.#": "0",
                            "name": "tf-asg-20191202191750242100000002",
                            "placement_group": "",
                            "protect_from_scale_in": "false",
                            "service_linked_role_arn": "arn:aws:iam::037176086346:role/aws-service-role/autoscaling.amazonaws.com/AWSServiceRoleForAutoScaling",
                            "suspended_processes.#": "0",
                            "tag.#": "0",
                            "target_group_arns.#": "0",
                            "termination_policies.#": "0",
                            "vpc_zone_identifier.#": "2",
                            "vpc_zone_identifier.3020379750": "subnet-0a9acc198150f2037",
                            "vpc_zone_identifier.4064566022": "subnet-0228721c142c1112b",
                            "wait_for_capacity_timeout": "10m"
                        },
                        "meta": {
                            "e2bfb730-ecaa-11e6-8f88-34363bc7c4c0": {
                                "delete": 600000000000
                            }
                        },
                        "tainted": false
                    },
                    "deposed": [],
                    "provider": "provider.aws"
                },
                "aws_codebuild_project.codebuild_deploy_on_ecs": {
                    "type": "aws_codebuild_project",
                    "depends_on": [
                        "aws_ecs_cluster.ecs_cluster_name",
                        "aws_iam_role.iam_code_build_role",
                        "data.aws_caller_identity.current",
                        "data.aws_region.current"
                    ],
                    "primary": {
                        "id": "arn:aws:codebuild:eu-central-1:037176086346:project/codebuild_deploy_on_ecs",
                        "attributes": {
                            "arn": "arn:aws:codebuild:eu-central-1:037176086346:project/codebuild_deploy_on_ecs",
                            "artifacts.#": "1",
                            "artifacts.0.artifact_identifier": "",
                            "artifacts.0.encryption_disabled": "false",
                            "artifacts.0.location": "",
                            "artifacts.0.name": "codebuild_deploy_on_ecs",
                            "artifacts.0.namespace_type": "",
                            "artifacts.0.override_artifact_name": "false",
                            "artifacts.0.packaging": "NONE",
                            "artifacts.0.path": "",
                            "artifacts.0.type": "CODEPIPELINE",
                            "badge_enabled": "false",
                            "badge_url": "",
                            "build_timeout": "300",
                            "cache.#": "1",
                            "cache.0.location": "",
                            "cache.0.modes.#": "0",
                            "cache.0.type": "NO_CACHE",
                            "description": "Code Build Deploy ECS",
                            "encryption_key": "arn:aws:kms:eu-central-1:037176086346:alias/aws/s3",
                            "environment.#": "1",
                            "environment.56730157.certificate": "",
                            "environment.56730157.compute_type": "BUILD_GENERAL1_SMALL",
                            "environment.56730157.environment_variable.#": "4",
                            "environment.56730157.environment_variable.0.name": "AWS_REGION",
                            "environment.56730157.environment_variable.0.type": "PLAINTEXT",
                            "environment.56730157.environment_variable.0.value": "eu-central-1",
                            "environment.56730157.environment_variable.1.name": "AWS_ACCOUNT_ID",
                            "environment.56730157.environment_variable.1.type": "PLAINTEXT",
                            "environment.56730157.environment_variable.1.value": "037176086346",
                            "environment.56730157.environment_variable.2.name": "ECS_CLUSTER",
                            "environment.56730157.environment_variable.2.type": "PLAINTEXT",
                            "environment.56730157.environment_variable.2.value": "demo",
                            "environment.56730157.environment_variable.3.name": "IMAGE_NAME",
                            "environment.56730157.environment_variable.3.type": "PLAINTEXT",
                            "environment.56730157.environment_variable.3.value": "flask_app",
                            "environment.56730157.image": "aws/codebuild/ubuntu-base:14.04",
                            "environment.56730157.image_pull_credentials_type": "CODEBUILD",
                            "environment.56730157.privileged_mode": "true",
                            "environment.56730157.registry_credential.#": "0",
                            "environment.56730157.type": "LINUX_CONTAINER",
                            "id": "arn:aws:codebuild:eu-central-1:037176086346:project/codebuild_deploy_on_ecs",
                            "logs_config.#": "1",
                            "logs_config.0.cloudwatch_logs.#": "1",
                            "logs_config.0.cloudwatch_logs.0.group_name": "",
                            "logs_config.0.cloudwatch_logs.0.status": "ENABLED",
                            "logs_config.0.cloudwatch_logs.0.stream_name": "",
                            "logs_config.0.s3_logs.#": "1",
                            "logs_config.0.s3_logs.0.encryption_disabled": "false",
                            "logs_config.0.s3_logs.0.location": "",
                            "logs_config.0.s3_logs.0.status": "DISABLED",
                            "name": "codebuild_deploy_on_ecs",
                            "secondary_artifacts.#": "0",
                            "secondary_sources.#": "0",
                            "service_role": "arn:aws:iam::037176086346:role/iam_code_build_role",
                            "source.#": "1",
                            "source.2591832561.auth.#": "0",
                            "source.2591832561.buildspec": "version: 0.2\n\nphases:\n  install:\n    commands:\n      - apt-get update -y\n      - apt-get install jq -y\n  build:\n    commands:\n      - cd web\n      - echo \"Create/update on the ECS cluster.\"\n      - bash deploy.sh\n",
                            "source.2591832561.git_clone_depth": "0",
                            "source.2591832561.insecure_ssl": "false",
                            "source.2591832561.location": "",
                            "source.2591832561.report_build_status": "false",
                            "source.2591832561.type": "CODEPIPELINE",
                            "tags.%": "0",
                            "vpc_config.#": "0"
                        },
                        "meta": {},
                        "tainted": false
                    },
                    "deposed": [],
                    "provider": "provider.aws"
                },
                "aws_codebuild_project.codebuild_docker_image": {
                    "type": "aws_codebuild_project",
                    "depends_on": [
                        "aws_ecr_repository.ecr_flask_app",
                        "aws_iam_role.iam_code_build_role",
                        "data.aws_caller_identity.current",
                        "data.aws_region.current"
                    ],
                    "primary": {
                        "id": "arn:aws:codebuild:eu-central-1:037176086346:project/codebuild_docker_image",
                        "attributes": {
                            "arn": "arn:aws:codebuild:eu-central-1:037176086346:project/codebuild_docker_image",
                            "artifacts.#": "1",
                            "artifacts.0.artifact_identifier": "",
                            "artifacts.0.encryption_disabled": "false",
                            "artifacts.0.location": "",
                            "artifacts.0.name": "codebuild_docker_image",
                            "artifacts.0.namespace_type": "",
                            "artifacts.0.override_artifact_name": "false",
                            "artifacts.0.packaging": "NONE",
                            "artifacts.0.path": "",
                            "artifacts.0.type": "CODEPIPELINE",
                            "badge_enabled": "false",
                            "badge_url": "",
                            "build_timeout": "300",
                            "cache.#": "1",
                            "cache.0.location": "",
                            "cache.0.modes.#": "0",
                            "cache.0.type": "NO_CACHE",
                            "description": "build docker images",
                            "encryption_key": "arn:aws:kms:eu-central-1:037176086346:alias/aws/s3",
                            "environment.#": "1",
                            "environment.1045866614.certificate": "",
                            "environment.1045866614.compute_type": "BUILD_GENERAL1_SMALL",
                            "environment.1045866614.environment_variable.#": "3",
                            "environment.1045866614.environment_variable.0.name": "AWS_DEFAULT_REGION",
                            "environment.1045866614.environment_variable.0.type": "PLAINTEXT",
                            "environment.1045866614.environment_variable.0.value": "eu-central-1",
                            "environment.1045866614.environment_variable.1.name": "AWS_ACCOUNT_ID",
                            "environment.1045866614.environment_variable.1.type": "PLAINTEXT",
                            "environment.1045866614.environment_variable.1.value": "037176086346",
                            "environment.1045866614.environment_variable.2.name": "IMAGE_REPO_NAME",
                            "environment.1045866614.environment_variable.2.type": "PLAINTEXT",
                            "environment.1045866614.environment_variable.2.value": "flask_app",
                            "environment.1045866614.image": "aws/codebuild/docker:17.09.0",
                            "environment.1045866614.image_pull_credentials_type": "CODEBUILD",
                            "environment.1045866614.privileged_mode": "true",
                            "environment.1045866614.registry_credential.#": "0",
                            "environment.1045866614.type": "LINUX_CONTAINER",
                            "id": "arn:aws:codebuild:eu-central-1:037176086346:project/codebuild_docker_image",
                            "logs_config.#": "1",
                            "logs_config.0.cloudwatch_logs.#": "1",
                            "logs_config.0.cloudwatch_logs.0.group_name": "",
                            "logs_config.0.cloudwatch_logs.0.status": "ENABLED",
                            "logs_config.0.cloudwatch_logs.0.stream_name": "",
                            "logs_config.0.s3_logs.#": "1",
                            "logs_config.0.s3_logs.0.encryption_disabled": "false",
                            "logs_config.0.s3_logs.0.location": "",
                            "logs_config.0.s3_logs.0.status": "DISABLED",
                            "name": "codebuild_docker_image",
                            "secondary_artifacts.#": "0",
                            "secondary_sources.#": "0",
                            "service_role": "arn:aws:iam::037176086346:role/iam_code_build_role",
                            "source.#": "1",
                            "source.2869824148.auth.#": "0",
                            "source.2869824148.buildspec": "web/buildspec.yml",
                            "source.2869824148.git_clone_depth": "0",
                            "source.2869824148.insecure_ssl": "false",
                            "source.2869824148.location": "",
                            "source.2869824148.report_build_status": "false",
                            "source.2869824148.type": "CODEPIPELINE",
                            "tags.%": "0",
                            "vpc_config.#": "0"
                        },
                        "meta": {},
                        "tainted": false
                    },
                    "deposed": [],
                    "provider": "provider.aws"
                },
                "aws_codepipeline.codepipeline": {
                    "type": "aws_codepipeline",
                    "depends_on": [
                        "aws_codebuild_project.codebuild_deploy_on_ecs",
                        "aws_codebuild_project.codebuild_docker_image",
                        "aws_iam_role.iam_codepipeline_role",
                        "aws_s3_bucket.default"
                    ],
                    "primary": {
                        "id": "demo",
                        "attributes": {
                            "arn": "arn:aws:codepipeline:eu-central-1:037176086346:demo",
                            "artifact_store.#": "1",
                            "artifact_store.0.encryption_key.#": "0",
                            "artifact_store.0.location": "shantanu-demo-cicd-codepipeline-ecs",
                            "artifact_store.0.type": "S3",
                            "id": "demo",
                            "name": "demo",
                            "role_arn": "arn:aws:iam::037176086346:role/iam_codepipeline",
                            "stage.#": "3",
                            "stage.0.action.#": "1",
                            "stage.0.action.0.category": "Source",
                            "stage.0.action.0.configuration.%": "4",
                            "stage.0.action.0.configuration.Branch": "master",
                            "stage.0.action.0.configuration.Owner": "shantanu",
                            "stage.0.action.0.configuration.PollForSourceChanges": "true",
                            "stage.0.action.0.configuration.Repo": "demo-cicd-codepipeline",
                            "stage.0.action.0.input_artifacts.#": "0",
                            "stage.0.action.0.name": "Source",
                            "stage.0.action.0.output_artifacts.#": "1",
                            "stage.0.action.0.output_artifacts.0": "code",
                            "stage.0.action.0.owner": "ThirdParty",
                            "stage.0.action.0.provider": "GitHub",
                            "stage.0.action.0.role_arn": "",
                            "stage.0.action.0.run_order": "1",
                            "stage.0.action.0.version": "1",
                            "stage.0.name": "Source",
                            "stage.1.action.#": "1",
                            "stage.1.action.0.category": "Build",
                            "stage.1.action.0.configuration.%": "1",
                            "stage.1.action.0.configuration.ProjectName": "codebuild_docker_image",
                            "stage.1.action.0.input_artifacts.#": "1",
                            "stage.1.action.0.input_artifacts.0": "code",
                            "stage.1.action.0.name": "Build",
                            "stage.1.action.0.output_artifacts.#": "0",
                            "stage.1.action.0.owner": "AWS",
                            "stage.1.action.0.provider": "CodeBuild",
                            "stage.1.action.0.role_arn": "",
                            "stage.1.action.0.run_order": "1",
                            "stage.1.action.0.version": "1",
                            "stage.1.name": "BuildDocker",
                            "stage.2.action.#": "1",
                            "stage.2.action.0.category": "Build",
                            "stage.2.action.0.configuration.%": "1",
                            "stage.2.action.0.configuration.ProjectName": "codebuild_deploy_on_ecs",
                            "stage.2.action.0.input_artifacts.#": "1",
                            "stage.2.action.0.input_artifacts.0": "code",
                            "stage.2.action.0.name": "Deploy",
                            "stage.2.action.0.output_artifacts.#": "0",
                            "stage.2.action.0.owner": "AWS",
                            "stage.2.action.0.provider": "CodeBuild",
                            "stage.2.action.0.role_arn": "",
                            "stage.2.action.0.run_order": "1",
                            "stage.2.action.0.version": "1",
                            "stage.2.name": "Deploy",
                            "tags.%": "0"
                        },
                        "meta": {},
                        "tainted": false
                    },
                    "deposed": [],
                    "provider": "provider.aws"
                },
                "aws_ecr_repository.ecr_flask_app": {
                    "type": "aws_ecr_repository",
                    "depends_on": [],
                    "primary": {
                        "id": "flask_app",
                        "attributes": {
                            "arn": "arn:aws:ecr:eu-central-1:037176086346:repository/flask_app",
                            "id": "flask_app",
                            "image_scanning_configuration.#": "1",
                            "image_scanning_configuration.0.scan_on_push": "false",
                            "image_tag_mutability": "MUTABLE",
                            "name": "flask_app",
                            "registry_id": "037176086346",
                            "repository_url": "037176086346.dkr.ecr.eu-central-1.amazonaws.com/flask_app",
                            "tags.%": "0"
                        },
                        "meta": {
                            "e2bfb730-ecaa-11e6-8f88-34363bc7c4c0": {
                                "delete": 1200000000000
                            }
                        },
                        "tainted": false
                    },
                    "deposed": [],
                    "provider": "provider.aws"
                },
                "aws_ecs_cluster.ecs_cluster_name": {
                    "type": "aws_ecs_cluster",
                    "depends_on": [],
                    "primary": {
                        "id": "arn:aws:ecs:eu-central-1:037176086346:cluster/demo",
                        "attributes": {
                            "arn": "arn:aws:ecs:eu-central-1:037176086346:cluster/demo",
                            "id": "arn:aws:ecs:eu-central-1:037176086346:cluster/demo",
                            "name": "demo",
                            "setting.#": "1",
                            "setting.1157067080.name": "containerInsights",
                            "setting.1157067080.value": "disabled",
                            "tags.%": "0"
                        },
                        "meta": {},
                        "tainted": false
                    },
                    "deposed": [],
                    "provider": "provider.aws"
                },
                "aws_elb.flask-app-elb": {
                    "type": "aws_elb",
                    "depends_on": [
                        "aws_security_group.elb_sg"
                    ],
                    "primary": {
                        "id": "flask-app",
                        "attributes": {
                            "access_logs.#": "0",
                            "arn": "arn:aws:elasticloadbalancing:eu-central-1:037176086346:loadbalancer/flask-app",
                            "availability_zones.#": "2",
                            "availability_zones.1126047633": "eu-central-1a",
                            "availability_zones.3658960427": "eu-central-1b",
                            "connection_draining": "true",
                            "connection_draining_timeout": "400",
                            "cross_zone_load_balancing": "true",
                            "dns_name": "flask-app-320851145.eu-central-1.elb.amazonaws.com",
                            "health_check.#": "1",
                            "health_check.0.healthy_threshold": "2",
                            "health_check.0.interval": "30",
                            "health_check.0.target": "HTTP:5000/",
                            "health_check.0.timeout": "3",
                            "health_check.0.unhealthy_threshold": "2",
                            "id": "flask-app",
                            "idle_timeout": "400",
                            "instances.#": "0",
                            "internal": "false",
                            "listener.#": "1",
                            "listener.996561874.instance_port": "5000",
                            "listener.996561874.instance_protocol": "http",
                            "listener.996561874.lb_port": "80",
                            "listener.996561874.lb_protocol": "http",
                            "listener.996561874.ssl_certificate_id": "",
                            "name": "flask-app",
                            "security_groups.#": "1",
                            "security_groups.768180128": "sg-07ded4fe55fe58516",
                            "source_security_group": "037176086346/allow_all",
                            "source_security_group_id": "sg-07ded4fe55fe58516",
                            "subnets.#": "2",
                            "subnets.2083047184": "subnet-01e4f3b1ef669b86a",
                            "subnets.764269300": "subnet-0b0337b43aa07d150",
                            "tags.%": "1",
                            "tags.Name": "flask-app",
                            "zone_id": "Z215JYRZR1TBD5"
                        },
                        "meta": {},
                        "tainted": false
                    },
                    "deposed": [],
                    "provider": "provider.aws"
                },
                "aws_iam_instance_profile.ecsInstanceRole": {
                    "type": "aws_iam_instance_profile",
                    "depends_on": [
                        "aws_iam_role.iamEcsRole"
                    ],
                    "primary": {
                        "id": "ecsInstanceRole",
                        "attributes": {
                            "arn": "arn:aws:iam::037176086346:instance-profile/ecsInstanceRole",
                            "create_date": "2019-12-02T18:57:28Z",
                            "id": "ecsInstanceRole",
                            "name": "ecsInstanceRole",
                            "path": "/",
                            "role": "iamEcsRole",
                            "roles.#": "1",
                            "roles.1051729980": "iamEcsRole",
                            "unique_id": "AIPAQRJ66B5FGH4GTGIMC"
                        },
                        "meta": {},
                        "tainted": false
                    },
                    "deposed": [],
                    "provider": "provider.aws"
                },
                "aws_iam_role.iamEcsRole": {
                    "type": "aws_iam_role",
                    "depends_on": [],
                    "primary": {
                        "id": "iamEcsRole",
                        "attributes": {
                            "arn": "arn:aws:iam::037176086346:role/iamEcsRole",
                            "assume_role_policy": "{\"Version\":\"2012-10-17\",\"Statement\":[{\"Sid\":\"\",\"Effect\":\"Allow\",\"Principal\":{\"Service\":\"ec2.amazonaws.com\"},\"Action\":\"sts:AssumeRole\"}]}",
                            "create_date": "2019-12-02T18:57:28Z",
                            "description": "",
                            "force_detach_policies": "false",
                            "id": "iamEcsRole",
                            "max_session_duration": "3600",
                            "name": "iamEcsRole",
                            "path": "/",
                            "tags.%": "0",
                            "unique_id": "AROAQRJ66B5FJRWI6ZGJQ"
                        },
                        "meta": {},
                        "tainted": false
                    },
                    "deposed": [],
                    "provider": "provider.aws"
                },
                "aws_iam_role.iam_code_build_role": {
                    "type": "aws_iam_role",
                    "depends_on": [],
                    "primary": {
                        "id": "iam_code_build_role",
                        "attributes": {
                            "arn": "arn:aws:iam::037176086346:role/iam_code_build_role",
                            "assume_role_policy": "{\"Version\":\"2012-10-17\",\"Statement\":[{\"Sid\":\"\",\"Effect\":\"Allow\",\"Principal\":{\"Service\":\"codebuild.amazonaws.com\"},\"Action\":\"sts:AssumeRole\"}]}",
                            "create_date": "2019-12-02T18:57:28Z",
                            "description": "",
                            "force_detach_policies": "false",
                            "id": "iam_code_build_role",
                            "max_session_duration": "3600",
                            "name": "iam_code_build_role",
                            "path": "/",
                            "tags.%": "0",
                            "unique_id": "AROAQRJ66B5FBEZOGCKGY"
                        },
                        "meta": {},
                        "tainted": false
                    },
                    "deposed": [],
                    "provider": "provider.aws"
                },
                "aws_iam_role.iam_codepipeline_role": {
                    "type": "aws_iam_role",
                    "depends_on": [],
                    "primary": {
                        "id": "iam_codepipeline",
                        "attributes": {
                            "arn": "arn:aws:iam::037176086346:role/iam_codepipeline",
                            "assume_role_policy": "{\"Version\":\"2012-10-17\",\"Statement\":[{\"Sid\":\"\",\"Effect\":\"Allow\",\"Principal\":{\"Service\":\"codepipeline.amazonaws.com\"},\"Action\":\"sts:AssumeRole\"}]}",
                            "create_date": "2019-12-02T18:57:28Z",
                            "description": "",
                            "force_detach_policies": "false",
                            "id": "iam_codepipeline",
                            "max_session_duration": "3600",
                            "name": "iam_codepipeline",
                            "path": "/",
                            "tags.%": "0",
                            "unique_id": "AROAQRJ66B5FMDPHE2MQC"
                        },
                        "meta": {},
                        "tainted": false
                    },
                    "deposed": [],
                    "provider": "provider.aws"
                },
                "aws_iam_role.iam_ecs_service_role": {
                    "type": "aws_iam_role",
                    "depends_on": [],
                    "primary": {
                        "id": "ecsServiceRole",
                        "attributes": {
                            "arn": "arn:aws:iam::037176086346:role/ecsServiceRole",
                            "assume_role_policy": "{\"Version\":\"2012-10-17\",\"Statement\":[{\"Sid\":\"\",\"Effect\":\"Allow\",\"Principal\":{\"Service\":\"ecs.amazonaws.com\"},\"Action\":\"sts:AssumeRole\"}]}",
                            "create_date": "2019-12-02T18:57:28Z",
                            "description": "",
                            "force_detach_policies": "false",
                            "id": "ecsServiceRole",
                            "max_session_duration": "3600",
                            "name": "ecsServiceRole",
                            "path": "/",
                            "tags.%": "0",
                            "unique_id": "AROAQRJ66B5FEOMATCHWT"
                        },
                        "meta": {},
                        "tainted": false
                    },
                    "deposed": [],
                    "provider": "provider.aws"
                },
                "aws_iam_role_policy.ecsServiceRolePolicy": {
                    "type": "aws_iam_role_policy",
                    "depends_on": [
                        "aws_iam_role.iam_ecs_service_role"
                    ],
                    "primary": {
                        "id": "ecsServiceRole:ecsServiceRolePolicy",
                        "attributes": {
                            "id": "ecsServiceRole:ecsServiceRolePolicy",
                            "name": "ecsServiceRolePolicy",
                            "policy": "{\n  \"Version\": \"2012-10-17\",\n  \"Statement\": [\n    {\n        \"Effect\": \"Allow\",\n        \"Action\": [\n            \"ec2:AuthorizeSecurityGroupIngress\",\n            \"ec2:Describe*\",\n            \"elasticloadbalancing:DeregisterInstancesFromLoadBalancer\",\n            \"elasticloadbalancing:DeregisterTargets\",\n            \"elasticloadbalancing:Describe*\",\n            \"elasticloadbalancing:RegisterInstancesWithLoadBalancer\",\n            \"elasticloadbalancing:RegisterTargets\"\n        ],\n        \"Resource\": \"*\"\n    }\n  ]\n}\n",
                            "role": "ecsServiceRole"
                        },
                        "meta": {},
                        "tainted": false
                    },
                    "deposed": [],
                    "provider": "provider.aws"
                },
                "aws_iam_role_policy.iam_code_build_policy": {
                    "type": "aws_iam_role_policy",
                    "depends_on": [
                        "aws_iam_role.iam_code_build_role",
                        "aws_iam_role.iam_ecs_service_role",
                        "data.aws_region.current"
                    ],
                    "primary": {
                        "id": "iam_code_build_role:iam_code_build_policy",
                        "attributes": {
                            "id": "iam_code_build_role:iam_code_build_policy",
                            "name": "iam_code_build_policy",
                            "policy": "{\n  \"Version\": \"2012-10-17\",\n  \"Statement\": [\n    {\n      \"Action\": [\n          \"s3:PutObject\",\n          \"s3:GetObject\",\n          \"s3:GetObjectVersion\",\n          \"s3:GetBucketVersioning\"\n      ],\n      \"Resource\": \"*\",\n      \"Effect\": \"Allow\",\n      \"Sid\": \"AccessCodePipelineArtifacts\"\n    },\n    {\n      \"Action\": [\n          \"ecr:GetDownloadUrlForLayer\",\n          \"ecr:BatchGetImage\",\n          \"ecr:BatchCheckLayerAvailability\",\n          \"ecr:PutImage\",\n          \"ecr:InitiateLayerUpload\",\n          \"ecr:UploadLayerPart\",\n          \"ecr:CompleteLayerUpload\"\n      ],\n      \"Resource\": \"*\",\n      \"Effect\": \"Allow\",\n      \"Sid\": \"AccessECR\"\n    },\n    {\n      \"Action\": [\n          \"ecr:GetAuthorizationToken\"\n      ],\n      \"Resource\": \"*\",\n      \"Effect\": \"Allow\",\n      \"Sid\": \"ecrAuthorization\"\n    },\n    {\n      \"Action\": [\n          \"ecs:RegisterTaskDefinition\",\n          \"ecs:DescribeTaskDefinition\",\n          \"ecs:DescribeServices\",\n          \"ecs:CreateService\",\n          \"ecs:ListServices\",\n          \"ecs:UpdateService\"\n      ],\n      \"Resource\": \"*\",\n      \"Effect\": \"Allow\",\n      \"Sid\": \"ecsAccess\"\n    },\n    {\n         \"Sid\":\"logStream\",\n         \"Effect\":\"Allow\",\n         \"Action\":[\n            \"logs:PutLogEvents\",\n            \"logs:CreateLogGroup\",\n            \"logs:CreateLogStream\"\n         ],\n         \"Resource\":\"arn:aws:logs:eu-central-1:*:*\"\n    },\n    {\n            \"Effect\": \"Allow\",\n            \"Action\": [\n                \"iam:GetRole\",\n                \"iam:PassRole\"\n            ],\n            \"Resource\": \"arn:aws:iam::037176086346:role/ecsServiceRole\"\n    }\n  ]\n}\n",
                            "role": "iam_code_build_role"
                        },
                        "meta": {},
                        "tainted": false
                    },
                    "deposed": [],
                    "provider": "provider.aws"
                },
                "aws_iam_role_policy.iam_codepipeline_policy": {
                    "type": "aws_iam_role_policy",
                    "depends_on": [
                        "aws_iam_role.iam_codepipeline_role"
                    ],
                    "primary": {
                        "id": "iam_codepipeline:iam_codepipeline_policy",
                        "attributes": {
                            "id": "iam_codepipeline:iam_codepipeline_policy",
                            "name": "iam_codepipeline_policy",
                            "policy": "{\n    \"Version\": \"2012-10-17\",\n    \"Statement\": [\n        {\n            \"Action\": [\n                \"s3:*\"\n            ],\n            \"Resource\": \"*\",\n            \"Effect\": \"Allow\"\n        },\n        {\n            \"Action\": [\n                \"codebuild:StartBuild\",\n                \"codebuild:BatchGetBuilds\"\n            ],\n            \"Resource\": \"*\",\n            \"Effect\": \"Allow\"\n        }\n    ]\n}\n",
                            "role": "iam_codepipeline"
                        },
                        "meta": {},
                        "tainted": false
                    },
                    "deposed": [],
                    "provider": "provider.aws"
                },
                "aws_iam_role_policy_attachment.containerServiceAttach": {
                    "type": "aws_iam_role_policy_attachment",
                    "depends_on": [
                        "aws_iam_role.iamEcsRole"
                    ],
                    "primary": {
                        "id": "iamEcsRole-20191202185729046800000001",
                        "attributes": {
                            "id": "iamEcsRole-20191202185729046800000001",
                            "policy_arn": "arn:aws:iam::aws:policy/service-role/AmazonEC2ContainerServiceforEC2Role",
                            "role": "iamEcsRole"
                        },
                        "meta": {},
                        "tainted": false
                    },
                    "deposed": [],
                    "provider": "provider.aws"
                },
                "aws_launch_configuration.ecs_lc": {
                    "type": "aws_launch_configuration",
                    "depends_on": [
                        "aws_iam_instance_profile.ecsInstanceRole",
                        "aws_security_group.ecs_sg_instance",
                        "data.template_file.user_data"
                    ],
                    "primary": {
                        "id": "terraform-20191202191749969800000001",
                        "attributes": {
                            "associate_public_ip_address": "false",
                            "ebs_block_device.#": "0",
                            "ebs_optimized": "false",
                            "enable_monitoring": "true",
                            "ephemeral_block_device.#": "0",
                            "iam_instance_profile": "ecsInstanceRole",
                            "id": "terraform-20191202191749969800000001",
                            "image_id": "ami-0d4c3eabb9e72650a",
                            "instance_type": "t2.medium",
                            "key_name": "shan-aws",
                            "name": "terraform-20191202191749969800000001",
                            "root_block_device.#": "0",
                            "security_groups.#": "1",
                            "security_groups.1153988619": "sg-02f2674109d3793b3",
                            "spot_price": "",
                            "user_data": "a04138bb5d55d6359c8206fe0aa66dc3342a757a",
                            "vpc_classic_link_id": "",
                            "vpc_classic_link_security_groups.#": "0"
                        },
                        "meta": {},
                        "tainted": false
                    },
                    "deposed": [],
                    "provider": "provider.aws"
                },
                "aws_s3_bucket.default": {
                    "type": "aws_s3_bucket",
                    "depends_on": [],
                    "primary": {
                        "id": "shantanu-demo-cicd-codepipeline-ecs",
                        "attributes": {
                            "acceleration_status": "",
                            "acl": "private",
                            "arn": "arn:aws:s3:::shantanu-demo-cicd-codepipeline-ecs",
                            "bucket": "shantanu-demo-cicd-codepipeline-ecs",
                            "bucket_domain_name": "shantanu-demo-cicd-codepipeline-ecs.s3.amazonaws.com",
                            "bucket_regional_domain_name": "shantanu-demo-cicd-codepipeline-ecs.s3.eu-central-1.amazonaws.com",
                            "cors_rule.#": "0",
                            "force_destroy": "false",
                            "hosted_zone_id": "Z21DNDUVLTQW6Q",
                            "id": "shantanu-demo-cicd-codepipeline-ecs",
                            "lifecycle_rule.#": "0",
                            "logging.#": "0",
                            "object_lock_configuration.#": "0",
                            "region": "eu-central-1",
                            "replication_configuration.#": "0",
                            "request_payer": "BucketOwner",
                            "server_side_encryption_configuration.#": "0",
                            "tags.%": "2",
                            "tags.Environment": "Demo",
                            "tags.Name": "Demo",
                            "versioning.#": "1",
                            "versioning.0.enabled": "false",
                            "versioning.0.mfa_delete": "false",
                            "website.#": "0"
                        },
                        "meta": {},
                        "tainted": false
                    },
                    "deposed": [],
                    "provider": "provider.aws"
                },
                "aws_security_group.ecs_sg_instance": {
                    "type": "aws_security_group",
                    "depends_on": [],
                    "primary": {
                        "id": "sg-02f2674109d3793b3",
                        "attributes": {
                            "arn": "arn:aws:ec2:eu-central-1:037176086346:security-group/sg-02f2674109d3793b3",
                            "description": "sg_ecs_instance allow all",
                            "egress.#": "1",
                            "egress.1403647648.cidr_blocks.#": "1",
                            "egress.1403647648.cidr_blocks.0": "0.0.0.0/0",
                            "egress.1403647648.description": "",
                            "egress.1403647648.from_port": "0",
                            "egress.1403647648.ipv6_cidr_blocks.#": "0",
                            "egress.1403647648.prefix_list_ids.#": "0",
                            "egress.1403647648.protocol": "tcp",
                            "egress.1403647648.security_groups.#": "0",
                            "egress.1403647648.self": "false",
                            "egress.1403647648.to_port": "65535",
                            "id": "sg-02f2674109d3793b3",
                            "ingress.#": "1",
                            "ingress.1403647648.cidr_blocks.#": "1",
                            "ingress.1403647648.cidr_blocks.0": "0.0.0.0/0",
                            "ingress.1403647648.description": "",
                            "ingress.1403647648.from_port": "0",
                            "ingress.1403647648.ipv6_cidr_blocks.#": "0",
                            "ingress.1403647648.prefix_list_ids.#": "0",
                            "ingress.1403647648.protocol": "tcp",
                            "ingress.1403647648.security_groups.#": "0",
                            "ingress.1403647648.self": "false",
                            "ingress.1403647648.to_port": "65535",
                            "name": "sg_ecs_instance",
                            "owner_id": "037176086346",
                            "revoke_rules_on_delete": "false",
                            "tags.%": "0",
                            "vpc_id": "vpc-0ebb931fc051ff1ee"
                        },
                        "meta": {
                            "e2bfb730-ecaa-11e6-8f88-34363bc7c4c0": {
                                "create": 600000000000,
                                "delete": 600000000000
                            },
                            "schema_version": "1"
                        },
                        "tainted": false
                    },
                    "deposed": [],
                    "provider": "provider.aws"
                },
                "aws_security_group.elb_sg": {
                    "type": "aws_security_group",
                    "depends_on": [],
                    "primary": {
                        "id": "sg-07ded4fe55fe58516",
                        "attributes": {
                            "arn": "arn:aws:ec2:eu-central-1:037176086346:security-group/sg-07ded4fe55fe58516",
                            "description": "Allow all inbound and outbound traffic",
                            "egress.#": "1",
                            "egress.1403647648.cidr_blocks.#": "1",
                            "egress.1403647648.cidr_blocks.0": "0.0.0.0/0",
                            "egress.1403647648.description": "",
                            "egress.1403647648.from_port": "0",
                            "egress.1403647648.ipv6_cidr_blocks.#": "0",
                            "egress.1403647648.prefix_list_ids.#": "0",
                            "egress.1403647648.protocol": "tcp",
                            "egress.1403647648.security_groups.#": "0",
                            "egress.1403647648.self": "false",
                            "egress.1403647648.to_port": "65535",
                            "id": "sg-07ded4fe55fe58516",
                            "ingress.#": "1",
                            "ingress.1403647648.cidr_blocks.#": "1",
                            "ingress.1403647648.cidr_blocks.0": "0.0.0.0/0",
                            "ingress.1403647648.description": "",
                            "ingress.1403647648.from_port": "0",
                            "ingress.1403647648.ipv6_cidr_blocks.#": "0",
                            "ingress.1403647648.prefix_list_ids.#": "0",
                            "ingress.1403647648.protocol": "tcp",
                            "ingress.1403647648.security_groups.#": "0",
                            "ingress.1403647648.self": "false",
                            "ingress.1403647648.to_port": "65535",
                            "name": "allow_all",
                            "owner_id": "037176086346",
                            "revoke_rules_on_delete": "false",
                            "tags.%": "1",
                            "tags.Name": "allow_all",
                            "vpc_id": "vpc-0ebb931fc051ff1ee"
                        },
                        "meta": {
                            "e2bfb730-ecaa-11e6-8f88-34363bc7c4c0": {
                                "create": 600000000000,
                                "delete": 600000000000
                            },
                            "schema_version": "1"
                        },
                        "tainted": false
                    },
                    "deposed": [],
                    "provider": "provider.aws"
                },
                "data.aws_caller_identity.current": {
                    "type": "aws_caller_identity",
                    "depends_on": [],
                    "primary": {
                        "id": "2019-12-02 19:17:47.662621259 +0000 UTC",
                        "attributes": {
                            "account_id": "037176086346",
                            "arn": "arn:aws:iam::037176086346:user/shantanu",
                            "id": "2019-12-02 19:17:47.662621259 +0000 UTC",
                            "user_id": "AIDAQRJ66B5FMT4M6UJ2U"
                        },
                        "meta": {},
                        "tainted": false
                    },
                    "deposed": [],
                    "provider": "provider.aws"
                },
                "data.aws_region.current": {
                    "type": "aws_region",
                    "depends_on": [],
                    "primary": {
                        "id": "eu-central-1",
                        "attributes": {
                            "description": "EU (Frankfurt)",
                            "endpoint": "ec2.eu-central-1.amazonaws.com",
                            "id": "eu-central-1",
                            "name": "eu-central-1"
                        },
                        "meta": {},
                        "tainted": false
                    },
                    "deposed": [],
                    "provider": "provider.aws"
                },
                "data.template_file.user_data": {
                    "type": "template_file",
                    "depends_on": [
                        "aws_ecs_cluster.ecs_cluster_name"
                    ],
                    "primary": {
                        "id": "350a454c75fe9580ad4b0d210a7c1f18933daf43e69fc96a5a70e542640683dc",
                        "attributes": {
                            "id": "350a454c75fe9580ad4b0d210a7c1f18933daf43e69fc96a5a70e542640683dc",
                            "rendered": "#!/bin/bash\n\necho \"ECS_CLUSTER=demo\" \u003e\u003e /etc/ecs/ecs.config",
                            "template": "#!/bin/bash\n\necho \"ECS_CLUSTER=${cluster_name}\" \u003e\u003e /etc/ecs/ecs.config",
                            "vars.%": "1",
                            "vars.cluster_name": "demo"
                        },
                        "meta": {},
                        "tainted": false
                    },
                    "deposed": [],
                    "provider": "provider.template"
                }
            },
            "depends_on": []
        },
        {
            "path": [
                "root",
                "network"
            ],
            "outputs": {
                "private_subnet_ids": {
                    "sensitive": false,
                    "type": "list",
                    "value": [
                        "subnet-0228721c142c1112b",
                        "subnet-0a9acc198150f2037"
                    ]
                },
                "public_subnet_ids": {
                    "sensitive": false,
                    "type": "list",
                    "value": [
                        "subnet-0b0337b43aa07d150",
                        "subnet-01e4f3b1ef669b86a"
                    ]
                },
                "vpc_cidr": {
                    "sensitive": false,
                    "type": "string",
                    "value": "10.0.0.0/16"
                },
                "vpc_id": {
                    "sensitive": false,
                    "type": "string",
                    "value": "vpc-0ebb931fc051ff1ee"
                }
            },
            "resources": {
                "aws_route.private_nat_route": {
                    "type": "aws_route",
                    "depends_on": [
                        "module.nat",
                        "module.private_subnet"
                    ],
                    "primary": {
                        "id": "r-rtb-0879810db2824d7f01080289494",
                        "attributes": {
                            "destination_cidr_block": "0.0.0.0/0",
                            "destination_prefix_list_id": "",
                            "egress_only_gateway_id": "",
                            "gateway_id": "",
                            "id": "r-rtb-0879810db2824d7f01080289494",
                            "instance_id": "",
                            "instance_owner_id": "",
                            "nat_gateway_id": "nat-0b226c58d26b352f3",
                            "network_interface_id": "",
                            "origin": "CreateRoute",
                            "route_table_id": "rtb-0879810db2824d7f0",
                            "state": "active",
                            "transit_gateway_id": "",
                            "vpc_peering_connection_id": ""
                        },
                        "meta": {
                            "e2bfb730-ecaa-11e6-8f88-34363bc7c4c0": {
                                "create": 120000000000,
                                "delete": 300000000000
                            }
                        },
                        "tainted": false
                    },
                    "deposed": [],
                    "provider": "provider.aws"
                },
                "aws_route.public_igw_route": {
                    "type": "aws_route",
                    "depends_on": [
                        "module.public_subnet",
                        "module.vpc"
                    ],
                    "primary": {
                        "id": "r-rtb-0a6929bca4a50fb5d1080289494",
                        "attributes": {
                            "destination_cidr_block": "0.0.0.0/0",
                            "destination_prefix_list_id": "",
                            "egress_only_gateway_id": "",
                            "gateway_id": "igw-0f6966d246b672759",
                            "id": "r-rtb-0a6929bca4a50fb5d1080289494",
                            "instance_id": "",
                            "instance_owner_id": "",
                            "nat_gateway_id": "",
                            "network_interface_id": "",
                            "origin": "CreateRoute",
                            "route_table_id": "rtb-0a6929bca4a50fb5d",
                            "state": "active",
                            "transit_gateway_id": "",
                            "vpc_peering_connection_id": ""
                        },
                        "meta": {
                            "e2bfb730-ecaa-11e6-8f88-34363bc7c4c0": {
                                "create": 120000000000,
                                "delete": 300000000000
                            }
                        },
                        "tainted": false
                    },
                    "deposed": [],
                    "provider": "provider.aws"
                }
            },
            "depends_on": []
        },
        {
            "path": [
                "root",
                "network",
                "nat"
            ],
            "outputs": {
                "id": {
                    "sensitive": false,
                    "type": "string",
                    "value": "nat-0b226c58d26b352f3"
                }
            },
            "resources": {
                "aws_eip.nat": {
                    "type": "aws_eip",
                    "depends_on": [],
                    "primary": {
                        "id": "eipalloc-0cf2cb9a6d93e516e",
                        "attributes": {
                            "association_id": "eipassoc-89881f44",
                            "domain": "vpc",
                            "id": "eipalloc-0cf2cb9a6d93e516e",
                            "instance": "",
                            "network_interface": "eni-0fdcf61b4fdd8e0cb",
                            "private_dns": "ip-10-0-0-219.eu-central-1.compute.internal",
                            "private_ip": "10.0.0.219",
                            "public_dns": "ec2-54-93-120-72.eu-central-1.compute.amazonaws.com",
                            "public_ip": "54.93.120.72",
                            "public_ipv4_pool": "amazon",
                            "tags.%": "0",
                            "vpc": "true"
                        },
                        "meta": {
                            "e2bfb730-ecaa-11e6-8f88-34363bc7c4c0": {
                                "delete": 180000000000,
                                "read": 900000000000,
                                "update": 300000000000
                            }
                        },
                        "tainted": false
                    },
                    "deposed": [],
                    "provider": "provider.aws"
                },
                "aws_nat_gateway.nat": {
                    "type": "aws_nat_gateway",
                    "depends_on": [
                        "aws_eip.nat"
                    ],
                    "primary": {
                        "id": "nat-0b226c58d26b352f3",
                        "attributes": {
                            "allocation_id": "eipalloc-0cf2cb9a6d93e516e",
                            "id": "nat-0b226c58d26b352f3",
                            "network_interface_id": "eni-0fdcf61b4fdd8e0cb",
                            "private_ip": "10.0.0.219",
                            "public_ip": "54.93.120.72",
                            "subnet_id": "subnet-0b0337b43aa07d150",
                            "tags.%": "0"
                        },
                        "meta": {},
                        "tainted": false
                    },
                    "deposed": [],
                    "provider": "provider.aws"
                }
            },
            "depends_on": []
        },
        {
            "path": [
                "root",
                "network",
                "private_subnet"
            ],
            "outputs": {
                "ids": {
                    "sensitive": false,
                    "type": "list",
                    "value": [
                        "subnet-0228721c142c1112b",
                        "subnet-0a9acc198150f2037"
                    ]
                },
                "route_table_id": {
                    "sensitive": false,
                    "type": "string",
                    "value": "rtb-0879810db2824d7f0"
                }
            },
            "resources": {
                "aws_route_table.subnet": {
                    "type": "aws_route_table",
                    "depends_on": [],
                    "primary": {
                        "id": "rtb-0879810db2824d7f0",
                        "attributes": {
                            "id": "rtb-0879810db2824d7f0",
                            "owner_id": "037176086346",
                            "propagating_vgws.#": "0",
                            "route.#": "1",
                            "route.693938124.cidr_block": "0.0.0.0/0",
                            "route.693938124.egress_only_gateway_id": "",
                            "route.693938124.gateway_id": "",
                            "route.693938124.instance_id": "",
                            "route.693938124.ipv6_cidr_block": "",
                            "route.693938124.nat_gateway_id": "nat-0b226c58d26b352f3",
                            "route.693938124.network_interface_id": "",
                            "route.693938124.transit_gateway_id": "",
                            "route.693938124.vpc_peering_connection_id": "",
                            "tags.%": "2",
                            "tags.Environment": "production",
                            "tags.Name": "production_private_subnet_eu-central-1a",
                            "vpc_id": "vpc-0ebb931fc051ff1ee"
                        },
                        "meta": {},
                        "tainted": false
                    },
                    "deposed": [],
                    "provider": "provider.aws"
                },
                "aws_route_table_association.subnet.0": {
                    "type": "aws_route_table_association",
                    "depends_on": [
                        "aws_route_table.subnet",
                        "aws_subnet.subnet.*"
                    ],
                    "primary": {
                        "id": "rtbassoc-009c0242e3d413afb",
                        "attributes": {
                            "id": "rtbassoc-009c0242e3d413afb",
                            "route_table_id": "rtb-0879810db2824d7f0",
                            "subnet_id": "subnet-0228721c142c1112b"
                        },
                        "meta": {},
                        "tainted": false
                    },
                    "deposed": [],
                    "provider": "provider.aws"
                },
                "aws_route_table_association.subnet.1": {
                    "type": "aws_route_table_association",
                    "depends_on": [
                        "aws_route_table.subnet",
                        "aws_subnet.subnet.*"
                    ],
                    "primary": {
                        "id": "rtbassoc-0480c2e957f66c85c",
                        "attributes": {
                            "id": "rtbassoc-0480c2e957f66c85c",
                            "route_table_id": "rtb-0879810db2824d7f0",
                            "subnet_id": "subnet-0a9acc198150f2037"
                        },
                        "meta": {},
                        "tainted": false
                    },
                    "deposed": [],
                    "provider": "provider.aws"
                },
                "aws_subnet.subnet.0": {
                    "type": "aws_subnet",
                    "depends_on": [],
                    "primary": {
                        "id": "subnet-0228721c142c1112b",
                        "attributes": {
                            "arn": "arn:aws:ec2:eu-central-1:037176086346:subnet/subnet-0228721c142c1112b",
                            "assign_ipv6_address_on_creation": "false",
                            "availability_zone": "eu-central-1a",
                            "availability_zone_id": "euc1-az2",
                            "cidr_block": "10.0.50.0/24",
                            "id": "subnet-0228721c142c1112b",
                            "ipv6_cidr_block": "",
                            "ipv6_cidr_block_association_id": "",
                            "map_public_ip_on_launch": "false",
                            "owner_id": "037176086346",
                            "tags.%": "2",
                            "tags.Environment": "production",
                            "tags.Name": "production_private_subnet_eu-central-1a",
                            "vpc_id": "vpc-0ebb931fc051ff1ee"
                        },
                        "meta": {
                            "e2bfb730-ecaa-11e6-8f88-34363bc7c4c0": {
                                "create": 600000000000,
                                "delete": 1200000000000
                            },
                            "schema_version": "1"
                        },
                        "tainted": false
                    },
                    "deposed": [],
                    "provider": "provider.aws"
                },
                "aws_subnet.subnet.1": {
                    "type": "aws_subnet",
                    "depends_on": [],
                    "primary": {
                        "id": "subnet-0a9acc198150f2037",
                        "attributes": {
                            "arn": "arn:aws:ec2:eu-central-1:037176086346:subnet/subnet-0a9acc198150f2037",
                            "assign_ipv6_address_on_creation": "false",
                            "availability_zone": "eu-central-1b",
                            "availability_zone_id": "euc1-az3",
                            "cidr_block": "10.0.51.0/24",
                            "id": "subnet-0a9acc198150f2037",
                            "ipv6_cidr_block": "",
                            "ipv6_cidr_block_association_id": "",
                            "map_public_ip_on_launch": "false",
                            "owner_id": "037176086346",
                            "tags.%": "2",
                            "tags.Environment": "production",
                            "tags.Name": "production_private_subnet_eu-central-1b",
                            "vpc_id": "vpc-0ebb931fc051ff1ee"
                        },
                        "meta": {
                            "e2bfb730-ecaa-11e6-8f88-34363bc7c4c0": {
                                "create": 600000000000,
                                "delete": 1200000000000
                            },
                            "schema_version": "1"
                        },
                        "tainted": false
                    },
                    "deposed": [],
                    "provider": "provider.aws"
                }
            },
            "depends_on": []
        },
        {
            "path": [
                "root",
                "network",
                "public_subnet"
            ],
            "outputs": {
                "ids": {
                    "sensitive": false,
                    "type": "list",
                    "value": [
                        "subnet-0b0337b43aa07d150",
                        "subnet-01e4f3b1ef669b86a"
                    ]
                },
                "route_table_id": {
                    "sensitive": false,
                    "type": "string",
                    "value": "rtb-0a6929bca4a50fb5d"
                }
            },
            "resources": {
                "aws_route_table.subnet": {
                    "type": "aws_route_table",
                    "depends_on": [],
                    "primary": {
                        "id": "rtb-0a6929bca4a50fb5d",
                        "attributes": {
                            "id": "rtb-0a6929bca4a50fb5d",
                            "owner_id": "037176086346",
                            "propagating_vgws.#": "0",
                            "route.#": "1",
                            "route.1090179971.cidr_block": "0.0.0.0/0",
                            "route.1090179971.egress_only_gateway_id": "",
                            "route.1090179971.gateway_id": "igw-0f6966d246b672759",
                            "route.1090179971.instance_id": "",
                            "route.1090179971.ipv6_cidr_block": "",
                            "route.1090179971.nat_gateway_id": "",
                            "route.1090179971.network_interface_id": "",
                            "route.1090179971.transit_gateway_id": "",
                            "route.1090179971.vpc_peering_connection_id": "",
                            "tags.%": "2",
                            "tags.Environment": "production",
                            "tags.Name": "production_public_subnet_eu-central-1a",
                            "vpc_id": "vpc-0ebb931fc051ff1ee"
                        },
                        "meta": {},
                        "tainted": false
                    },
                    "deposed": [],
                    "provider": "provider.aws"
                },
                "aws_route_table_association.subnet.0": {
                    "type": "aws_route_table_association",
                    "depends_on": [
                        "aws_route_table.subnet",
                        "aws_subnet.subnet.*"
                    ],
                    "primary": {
                        "id": "rtbassoc-0b5595a0ee3ed2af8",
                        "attributes": {
                            "id": "rtbassoc-0b5595a0ee3ed2af8",
                            "route_table_id": "rtb-0a6929bca4a50fb5d",
                            "subnet_id": "subnet-0b0337b43aa07d150"
                        },
                        "meta": {},
                        "tainted": false
                    },
                    "deposed": [],
                    "provider": "provider.aws"
                },
                "aws_route_table_association.subnet.1": {
                    "type": "aws_route_table_association",
                    "depends_on": [
                        "aws_route_table.subnet",
                        "aws_subnet.subnet.*"
                    ],
                    "primary": {
                        "id": "rtbassoc-0614204b46553a876",
                        "attributes": {
                            "id": "rtbassoc-0614204b46553a876",
                            "route_table_id": "rtb-0a6929bca4a50fb5d",
                            "subnet_id": "subnet-01e4f3b1ef669b86a"
                        },
                        "meta": {},
                        "tainted": false
                    },
                    "deposed": [],
                    "provider": "provider.aws"
                },
                "aws_subnet.subnet.0": {
                    "type": "aws_subnet",
                    "depends_on": [],
                    "primary": {
                        "id": "subnet-0b0337b43aa07d150",
                        "attributes": {
                            "arn": "arn:aws:ec2:eu-central-1:037176086346:subnet/subnet-0b0337b43aa07d150",
                            "assign_ipv6_address_on_creation": "false",
                            "availability_zone": "eu-central-1a",
                            "availability_zone_id": "euc1-az2",
                            "cidr_block": "10.0.0.0/24",
                            "id": "subnet-0b0337b43aa07d150",
                            "ipv6_cidr_block": "",
                            "ipv6_cidr_block_association_id": "",
                            "map_public_ip_on_launch": "false",
                            "owner_id": "037176086346",
                            "tags.%": "2",
                            "tags.Environment": "production",
                            "tags.Name": "production_public_subnet_eu-central-1a",
                            "vpc_id": "vpc-0ebb931fc051ff1ee"
                        },
                        "meta": {
                            "e2bfb730-ecaa-11e6-8f88-34363bc7c4c0": {
                                "create": 600000000000,
                                "delete": 1200000000000
                            },
                            "schema_version": "1"
                        },
                        "tainted": false
                    },
                    "deposed": [],
                    "provider": "provider.aws"
                },
                "aws_subnet.subnet.1": {
                    "type": "aws_subnet",
                    "depends_on": [],
                    "primary": {
                        "id": "subnet-01e4f3b1ef669b86a",
                        "attributes": {
                            "arn": "arn:aws:ec2:eu-central-1:037176086346:subnet/subnet-01e4f3b1ef669b86a",
                            "assign_ipv6_address_on_creation": "false",
                            "availability_zone": "eu-central-1b",
                            "availability_zone_id": "euc1-az3",
                            "cidr_block": "10.0.1.0/24",
                            "id": "subnet-01e4f3b1ef669b86a",
                            "ipv6_cidr_block": "",
                            "ipv6_cidr_block_association_id": "",
                            "map_public_ip_on_launch": "false",
                            "owner_id": "037176086346",
                            "tags.%": "2",
                            "tags.Environment": "production",
                            "tags.Name": "production_public_subnet_eu-central-1b",
                            "vpc_id": "vpc-0ebb931fc051ff1ee"
                        },
                        "meta": {
                            "e2bfb730-ecaa-11e6-8f88-34363bc7c4c0": {
                                "create": 600000000000,
                                "delete": 1200000000000
                            },
                            "schema_version": "1"
                        },
                        "tainted": false
                    },
                    "deposed": [],
                    "provider": "provider.aws"
                }
            },
            "depends_on": []
        },
        {
            "path": [
                "root",
                "network",
                "vpc"
            ],
            "outputs": {
                "cidr_block": {
                    "sensitive": false,
                    "type": "string",
                    "value": "10.0.0.0/16"
                },
                "id": {
                    "sensitive": false,
                    "type": "string",
                    "value": "vpc-0ebb931fc051ff1ee"
                },
                "igw": {
                    "sensitive": false,
                    "type": "string",
                    "value": "igw-0f6966d246b672759"
                }
            },
            "resources": {
                "aws_internet_gateway.vpc": {
                    "type": "aws_internet_gateway",
                    "depends_on": [
                        "aws_vpc.vpc"
                    ],
                    "primary": {
                        "id": "igw-0f6966d246b672759",
                        "attributes": {
                            "id": "igw-0f6966d246b672759",
                            "owner_id": "037176086346",
                            "tags.%": "1",
                            "tags.Environment": "production",
                            "vpc_id": "vpc-0ebb931fc051ff1ee"
                        },
                        "meta": {},
                        "tainted": false
                    },
                    "deposed": [],
                    "provider": "provider.aws"
                },
                "aws_vpc.vpc": {
                    "type": "aws_vpc",
                    "depends_on": [],
                    "primary": {
                        "id": "vpc-0ebb931fc051ff1ee",
                        "attributes": {
                            "arn": "arn:aws:ec2:eu-central-1:037176086346:vpc/vpc-0ebb931fc051ff1ee",
                            "assign_generated_ipv6_cidr_block": "false",
                            "cidr_block": "10.0.0.0/16",
                            "default_network_acl_id": "acl-07697e97522cbefa2",
                            "default_route_table_id": "rtb-09bc1a1f56823348b",
                            "default_security_group_id": "sg-048b45b720a83b6dc",
                            "dhcp_options_id": "dopt-a721dbcd",
                            "enable_dns_hostnames": "true",
                            "enable_dns_support": "true",
                            "id": "vpc-0ebb931fc051ff1ee",
                            "instance_tenancy": "default",
                            "ipv6_association_id": "",
                            "ipv6_cidr_block": "",
                            "main_route_table_id": "rtb-09bc1a1f56823348b",
                            "owner_id": "037176086346",
                            "tags.%": "2",
                            "tags.Environment": "production",
                            "tags.Name": "production"
                        },
                        "meta": {
                            "schema_version": "1"
                        },
                        "tainted": false
                    },
                    "deposed": [],
                    "provider": "provider.aws"
                }
            },
            "depends_on": []
        }
    ]
}
